
Microsoft Visual Studio Solution File, Format Version 12.00
# Visual Studio Version 17
VisualStudioVersion = 17.13.35919.96 d17.13
MinimumVisualStudioVersion = 10.0.40219.1
Project("{888888A0-9F3D-457C-B088-3A5042F75D52}") = "CS513_ML", "CS513_ML.pyproj", "{5406E454-AB8B-4D52-A433-51A2AA25012F}"
EndProject
Global
	GlobalSection(SolutionConfigurationPlatforms) = preSolution
		Debug|Any CPU = Debug|Any CPU
		Release|Any CPU = Release|Any CPU
	EndGlobalSection
	GlobalSection(ProjectConfigurationPlatforms) = postSolution
		{5406E454-AB8B-4D52-A433-51A2AA25012F}.Debug|Any CPU.ActiveCfg = Debug|Any CPU
		{5406E454-AB8B-4D52-A433-51A2AA25012F}.Release|Any CPU.ActiveCfg = Release|Any CPU
	EndGlobalSection
	GlobalSection(SolutionProperties) = preSolution
		HideSolutionNode = FALSE
	EndGlobalSection
	GlobalSection(ExtensibilityGlobals) = postSolution
		SolutionGuid = {A7540E58-D116-429F-ABAB-E8DAD54D6E57}
	EndGlobalSection
EndGlobal
